
Microsoft Visual Studio Solution File, Format Version 12.00
# Visual Studio Version 16
VisualStudioVersion = 16.0.30717.126
MinimumVisualStudioVersion = 10.0.40219.1
Project("{FAE04EC0-301F-11D3-BF4B-00C04F79EFBC}") = "BookstoreNew", "BookstoreNew\BookstoreNew.csproj", "{2DDA230B-EFB6-4A6A-8E09-672016AFC7DE}"
EndProject
Global
	GlobalSection(SolutionConfigurationPlatforms) = preSolution
		Debug|Any CPU = Debug|Any CPU
		Release|Any CPU = Release|Any CPU
	EndGlobalSection
	GlobalSection(ProjectConfigurationPlatforms) = postSolution
		{2DDA230B-EFB6-4A6A-8E09-672016AFC7DE}.Debug|Any CPU.ActiveCfg = Debug|Any CPU
		{2DDA230B-EFB6-4A6A-8E09-672016AFC7DE}.Debug|Any CPU.Build.0 = Debug|Any CPU
		{2DDA230B-EFB6-4A6A-8E09-672016AFC7DE}.Release|Any CPU.ActiveCfg = Release|Any CPU
		{2DDA230B-EFB6-4A6A-8E09-672016AFC7DE}.Release|Any CPU.Build.0 = Release|Any CPU
	EndGlobalSection
	GlobalSection(SolutionProperties) = preSolution
		HideSolutionNode = FALSE
	EndGlobalSection
	GlobalSection(ExtensibilityGlobals) = postSolution
		SolutionGuid = {B649F1E7-65BC-4D5A-9564-7FCA67CCC32E}
	EndGlobalSection
EndGlobal
